
Microsoft Visual Studio Solution File, Format Version 12.00
# Visual Studio Version 17
VisualStudioVersion = 17.11.35312.102
MinimumVisualStudioVersion = 10.0.40219.1
Project("{FAE04EC0-301F-11D3-BF4B-00C04F79EFBC}") = "MobileСompanyIS", "MobileСompanyIS\MobileСompanyIS.csproj", "{5713C898-7488-4E4F-9289-9458C8269342}"
EndProject
Global
	GlobalSection(SolutionConfigurationPlatforms) = preSolution
		Debug|Any CPU = Debug|Any CPU
		Release|Any CPU = Release|Any CPU
	EndGlobalSection
	GlobalSection(ProjectConfigurationPlatforms) = postSolution
		{5713C898-7488-4E4F-9289-9458C8269342}.Debug|Any CPU.ActiveCfg = Debug|Any CPU
		{5713C898-7488-4E4F-9289-9458C8269342}.Debug|Any CPU.Build.0 = Debug|Any CPU
		{5713C898-7488-4E4F-9289-9458C8269342}.Release|Any CPU.ActiveCfg = Release|Any CPU
		{5713C898-7488-4E4F-9289-9458C8269342}.Release|Any CPU.Build.0 = Release|Any CPU
	EndGlobalSection
	GlobalSection(SolutionProperties) = preSolution
		HideSolutionNode = FALSE
	EndGlobalSection
	GlobalSection(ExtensibilityGlobals) = postSolution
		SolutionGuid = {BF5CCC79-0C5E-4F45-98C2-F29862B58507}
	EndGlobalSection
EndGlobal
